{
  "requires": true,
  "lockfileVersion": 1,
  "dependencies": {
    "prettier": {
      "version": "1.19.1",
      "resolved": "https://registry.npmjs.org/prettier/-/prettier-1.19.1.tgz",
      "integrity": "sha512-s7PoyDv/II1ObgQunCbB9PdLmUcBZcnWOcxDh7O0N/UwDEsHyqkW+Qh28jW+mVuCdx7gLB0BotYI1Y6uI9iyew==",
      "dev": true
    },
    "yarn": {
      "version": "1.22.4",
      "resolved": "https://registry.npmjs.org/yarn/-/yarn-1.22.4.tgz",
      "integrity": "sha512-oYM7hi/lIWm9bCoDMEWgffW8aiNZXCWeZ1/tGy0DWrN6vmzjCXIKu2Y21o8DYVBUtiktwKcNoxyGl/2iKLUNGA=="
    }
  }
}
